
Microsoft Visual Studio Solution File, Format Version 12.00
# Visual Studio 15
VisualStudioVersion = 15.0.27004.2006
MinimumVisualStudioVersion = 10.0.40219.1
Project("{FAE04EC0-301F-11D3-BF4B-00C04F79EFBC}") = "Model Viewer", "Model Viewer\Model Viewer.csproj", "{0FA26E94-47EA-450F-B16A-AEFFAD51F4EB}"
EndProject
Global
	GlobalSection(SolutionConfigurationPlatforms) = preSolution
		Debug|Any CPU = Debug|Any CPU
		Release|Any CPU = Release|Any CPU
	EndGlobalSection
	GlobalSection(ProjectConfigurationPlatforms) = postSolution
		{0FA26E94-47EA-450F-B16A-AEFFAD51F4EB}.Debug|Any CPU.ActiveCfg = Debug|Any CPU
		{0FA26E94-47EA-450F-B16A-AEFFAD51F4EB}.Debug|Any CPU.Build.0 = Debug|Any CPU
		{0FA26E94-47EA-450F-B16A-AEFFAD51F4EB}.Release|Any CPU.ActiveCfg = Release|Any CPU
		{0FA26E94-47EA-450F-B16A-AEFFAD51F4EB}.Release|Any CPU.Build.0 = Release|Any CPU
		{0FA26E94-47EA-450F-B16A-AEFFAD51F4EB}.Release|Any CPU.Deploy.0 = Release|Any CPU
	EndGlobalSection
	GlobalSection(SolutionProperties) = preSolution
		HideSolutionNode = FALSE
	EndGlobalSection
	GlobalSection(ExtensibilityGlobals) = postSolution
		SolutionGuid = {8BBEF99E-39F7-4C58-A631-4A09744EBB0A}
	EndGlobalSection
EndGlobal
